
Microsoft Visual Studio Solution File, Format Version 12.00
# Visual Studio Version 16
VisualStudioVersion = 16.0.31624.102
MinimumVisualStudioVersion = 10.0.40219.1
Project("{F184B08F-C81C-45F6-A57F-5ABD9991F28F}") = "NFT Art Generator", "NFT Art Generator\NFT Art Generator.vbproj", "{F96CCB4B-55AA-44E3-98DD-35D1D13285C5}"
EndProject
Global
	GlobalSection(SolutionConfigurationPlatforms) = preSolution
		Debug|Any CPU = Debug|Any CPU
		Release|Any CPU = Release|Any CPU
	EndGlobalSection
	GlobalSection(ProjectConfigurationPlatforms) = postSolution
		{F96CCB4B-55AA-44E3-98DD-35D1D13285C5}.Debug|Any CPU.ActiveCfg = Debug|Any CPU
		{F96CCB4B-55AA-44E3-98DD-35D1D13285C5}.Debug|Any CPU.Build.0 = Debug|Any CPU
		{F96CCB4B-55AA-44E3-98DD-35D1D13285C5}.Release|Any CPU.ActiveCfg = Release|Any CPU
		{F96CCB4B-55AA-44E3-98DD-35D1D13285C5}.Release|Any CPU.Build.0 = Release|Any CPU
	EndGlobalSection
	GlobalSection(SolutionProperties) = preSolution
		HideSolutionNode = FALSE
	EndGlobalSection
	GlobalSection(ExtensibilityGlobals) = postSolution
		SolutionGuid = {0B17522A-C6CA-4911-B5DE-1E6B06510EE4}
	EndGlobalSection
EndGlobal
